// !$*UTF8*$!
{
	archiveVersion = 1;
	classes = {
	};
	objectVersion = 50;
	objects = {

/* Begin PBXBuildFile section */
		F86BEE81216EADCE00384F1B /* AppDelegate.m in Sources */ = {isa = PBXBuildFile; fileRef = F86BEE80216EADCE00384F1B /* AppDelegate.m */; };
		F86BEE87216EADCE00384F1B /* Main.storyboard in Resources */ = {isa = PBXBuildFile; fileRef = F86BEE85216EADCE00384F1B /* Main.storyboard */; };
		F86BEE89216EADCF00384F1B /* Assets.xcassets in Resources */ = {isa = PBXBuildFile; fileRef = F86BEE88216EADCF00384F1B /* Assets.xcassets */; };
		F86BEE8C216EADCF00384F1B /* LaunchScreen.storyboard in Resources */ = {isa = PBXBuildFile; fileRef = F86BEE8A216EADCF00384F1B /* LaunchScreen.storyboard */; };
		F86BEE8F216EADCF00384F1B /* main.m in Sources */ = {isa = PBXBuildFile; fileRef = F86BEE8E216EADCF00384F1B /* main.m */; };
		F86BEE97216EB10B00384F1B /* JTMCollectionViewController.swift in Sources */ = {isa = PBXBuildFile; fileRef = F86BEE96216EB10B00384F1B /* JTMCollectionViewController.swift */; };
		F86BEE99216EB12400384F1B /* JTMDetailViewController.swift in Sources */ = {isa = PBXBuildFile; fileRef = F86BEE98216EB12400384F1B /* JTMDetailViewController.swift */; };
		F86BEE9B216EB18E00384F1B /* MarsRover.swift in Sources */ = {isa = PBXBuildFile; fileRef = F86BEE9A216EB18E00384F1B /* MarsRover.swift */; };
		F86BEE9E216EB20000384F1B /* JTMCache.m in Sources */ = {isa = PBXBuildFile; fileRef = F86BEE9D216EB20000384F1B /* JTMCache.m */; };
		F86BEEA1216EB20B00384F1B /* JTMMarsPhoto.m in Sources */ = {isa = PBXBuildFile; fileRef = F86BEEA0216EB20B00384F1B /* JTMMarsPhoto.m */; };
		F86BEEA4216EB21500384F1B /* JTMSolDescription.m in Sources */ = {isa = PBXBuildFile; fileRef = F86BEEA3216EB21500384F1B /* JTMSolDescription.m */; };
		F86BEEA7216EB21E00384F1B /* JTMCamera.m in Sources */ = {isa = PBXBuildFile; fileRef = F86BEEA6216EB21E00384F1B /* JTMCamera.m */; };
		F86BEEAA216EB23400384F1B /* JTMCollectionViewCell.m in Sources */ = {isa = PBXBuildFile; fileRef = F86BEEA9216EB23400384F1B /* JTMCollectionViewCell.m */; };
		F86BEEAD216EB25200384F1B /* JTMMarsRoverClient.m in Sources */ = {isa = PBXBuildFile; fileRef = F86BEEAC216EB25200384F1B /* JTMMarsRoverClient.m */; };
		F86BEEB0216EB28500384F1B /* JTMConcurrentOperation.m in Sources */ = {isa = PBXBuildFile; fileRef = F86BEEAF216EB28500384F1B /* JTMConcurrentOperation.m */; };
		F86BEEB3216EB29100384F1B /* JTMFetchPhotoOperation.m in Sources */ = {isa = PBXBuildFile; fileRef = F86BEEB2216EB29100384F1B /* JTMFetchPhotoOperation.m */; };
		F86BEEB6216EB2A000384F1B /* JTMFilterImageOperation.m in Sources */ = {isa = PBXBuildFile; fileRef = F86BEEB5216EB2A000384F1B /* JTMFilterImageOperation.m */; };
		F86BEEBC216EB31B00384F1B /* NSURL+Secure.m in Sources */ = {isa = PBXBuildFile; fileRef = F86BEEBB216EB31B00384F1B /* NSURL+Secure.m */; };
		F86BEEBF216EB33400384F1B /* UIImage+Filtering.m in Sources */ = {isa = PBXBuildFile; fileRef = F86BEEBE216EB33400384F1B /* UIImage+Filtering.m */; };
/* End PBXBuildFile section */

/* Begin PBXFileReference section */
		F86BEE7C216EADCE00384F1B /* Astronomy-ObjC.app */ = {isa = PBXFileReference; explicitFileType = wrapper.application; includeInIndex = 0; path = "Astronomy-ObjC.app"; sourceTree = BUILT_PRODUCTS_DIR; };
		F86BEE7F216EADCE00384F1B /* AppDelegate.h */ = {isa = PBXFileReference; lastKnownFileType = sourcecode.c.h; path = AppDelegate.h; sourceTree = "<group>"; };
		F86BEE80216EADCE00384F1B /* AppDelegate.m */ = {isa = PBXFileReference; lastKnownFileType = sourcecode.c.objc; path = AppDelegate.m; sourceTree = "<group>"; };
		F86BEE86216EADCE00384F1B /* Base */ = {isa = PBXFileReference; lastKnownFileType = file.storyboard; name = Base; path = Base.lproj/Main.storyboard; sourceTree = "<group>"; };
		F86BEE88216EADCF00384F1B /* Assets.xcassets */ = {isa = PBXFileReference; lastKnownFileType = folder.assetcatalog; path = Assets.xcassets; sourceTree = "<group>"; };
		F86BEE8B216EADCF00384F1B /* Base */ = {isa = PBXFileReference; lastKnownFileType = file.storyboard; name = Base; path = Base.lproj/LaunchScreen.storyboard; sourceTree = "<group>"; };
		F86BEE8D216EADCF00384F1B /* Info.plist */ = {isa = PBXFileReference; lastKnownFileType = text.plist.xml; path = Info.plist; sourceTree = "<group>"; };
		F86BEE8E216EADCF00384F1B /* main.m */ = {isa = PBXFileReference; lastKnownFileType = sourcecode.c.objc; path = main.m; sourceTree = "<group>"; };
		F86BEE95216EB10A00384F1B /* Astronomy-ObjC-Bridging-Header.h */ = {isa = PBXFileReference; lastKnownFileType = sourcecode.c.h; path = "Astronomy-ObjC-Bridging-Header.h"; sourceTree = "<group>"; };
		F86BEE96216EB10B00384F1B /* JTMCollectionViewController.swift */ = {isa = PBXFileReference; lastKnownFileType = sourcecode.swift; path = JTMCollectionViewController.swift; sourceTree = "<group>"; };
		F86BEE98216EB12400384F1B /* JTMDetailViewController.swift */ = {isa = PBXFileReference; lastKnownFileType = sourcecode.swift; path = JTMDetailViewController.swift; sourceTree = "<group>"; };
		F86BEE9A216EB18E00384F1B /* MarsRover.swift */ = {isa = PBXFileReference; lastKnownFileType = sourcecode.swift; path = MarsRover.swift; sourceTree = "<group>"; };
		F86BEE9C216EB20000384F1B /* JTMCache.h */ = {isa = PBXFileReference; lastKnownFileType = sourcecode.c.h; path = JTMCache.h; sourceTree = "<group>"; };
		F86BEE9D216EB20000384F1B /* JTMCache.m */ = {isa = PBXFileReference; lastKnownFileType = sourcecode.c.objc; path = JTMCache.m; sourceTree = "<group>"; };
		F86BEE9F216EB20B00384F1B /* JTMMarsPhoto.h */ = {isa = PBXFileReference; lastKnownFileType = sourcecode.c.h; path = JTMMarsPhoto.h; sourceTree = "<group>"; };
		F86BEEA0216EB20B00384F1B /* JTMMarsPhoto.m */ = {isa = PBXFileReference; lastKnownFileType = sourcecode.c.objc; path = JTMMarsPhoto.m; sourceTree = "<group>"; };
		F86BEEA2216EB21500384F1B /* JTMSolDescription.h */ = {isa = PBXFileReference; lastKnownFileType = sourcecode.c.h; path = JTMSolDescription.h; sourceTree = "<group>"; };
		F86BEEA3216EB21500384F1B /* JTMSolDescription.m */ = {isa = PBXFileReference; lastKnownFileType = sourcecode.c.objc; path = JTMSolDescription.m; sourceTree = "<group>"; };
		F86BEEA5216EB21E00384F1B /* JTMCamera.h */ = {isa = PBXFileReference; lastKnownFileType = sourcecode.c.h; path = JTMCamera.h; sourceTree = "<group>"; };
		F86BEEA6216EB21E00384F1B /* JTMCamera.m */ = {isa = PBXFileReference; lastKnownFileType = sourcecode.c.objc; path = JTMCamera.m; sourceTree = "<group>"; };
		F86BEEA8216EB23400384F1B /* JTMCollectionViewCell.h */ = {isa = PBXFileReference; lastKnownFileType = sourcecode.c.h; path = JTMCollectionViewCell.h; sourceTree = "<group>"; };
		F86BEEA9216EB23400384F1B /* JTMCollectionViewCell.m */ = {isa = PBXFileReference; lastKnownFileType = sourcecode.c.objc; path = JTMCollectionViewCell.m; sourceTree = "<group>"; };
		F86BEEAB216EB25200384F1B /* JTMMarsRoverClient.h */ = {isa = PBXFileReference; lastKnownFileType = sourcecode.c.h; path = JTMMarsRoverClient.h; sourceTree = "<group>"; };
		F86BEEAC216EB25200384F1B /* JTMMarsRoverClient.m */ = {isa = PBXFileReference; lastKnownFileType = sourcecode.c.objc; path = JTMMarsRoverClient.m; sourceTree = "<group>"; };
		F86BEEAE216EB28500384F1B /* JTMConcurrentOperation.h */ = {isa = PBXFileReference; lastKnownFileType = sourcecode.c.h; path = JTMConcurrentOperation.h; sourceTree = "<group>"; };
		F86BEEAF216EB28500384F1B /* JTMConcurrentOperation.m */ = {isa = PBXFileReference; lastKnownFileType = sourcecode.c.objc; path = JTMConcurrentOperation.m; sourceTree = "<group>"; };
		F86BEEB1216EB29100384F1B /* JTMFetchPhotoOperation.h */ = {isa = PBXFileReference; lastKnownFileType = sourcecode.c.h; path = JTMFetchPhotoOperation.h; sourceTree = "<group>"; };
		F86BEEB2216EB29100384F1B /* JTMFetchPhotoOperation.m */ = {isa = PBXFileReference; lastKnownFileType = sourcecode.c.objc; path = JTMFetchPhotoOperation.m; sourceTree = "<group>"; };
		F86BEEB4216EB2A000384F1B /* JTMFilterImageOperation.h */ = {isa = PBXFileReference; lastKnownFileType = sourcecode.c.h; path = JTMFilterImageOperation.h; sourceTree = "<group>"; };
		F86BEEB5216EB2A000384F1B /* JTMFilterImageOperation.m */ = {isa = PBXFileReference; lastKnownFileType = sourcecode.c.objc; path = JTMFilterImageOperation.m; sourceTree = "<group>"; };
		F86BEEBA216EB31B00384F1B /* NSURL+Secure.h */ = {isa = PBXFileReference; lastKnownFileType = sourcecode.c.h; path = "NSURL+Secure.h"; sourceTree = "<group>"; };
		F86BEEBB216EB31B00384F1B /* NSURL+Secure.m */ = {isa = PBXFileReference; lastKnownFileType = sourcecode.c.objc; path = "NSURL+Secure.m"; sourceTree = "<group>"; };
		F86BEEBD216EB33400384F1B /* UIImage+Filtering.h */ = {isa = PBXFileReference; lastKnownFileType = sourcecode.c.h; path = "UIImage+Filtering.h"; sourceTree = "<group>"; };
		F86BEEBE216EB33400384F1B /* UIImage+Filtering.m */ = {isa = PBXFileReference; lastKnownFileType = sourcecode.c.objc; path = "UIImage+Filtering.m"; sourceTree = "<group>"; };
/* End PBXFileReference section */

/* Begin PBXFrameworksBuildPhase section */
		F86BEE79216EADCE00384F1B /* Frameworks */ = {
			isa = PBXFrameworksBuildPhase;
			buildActionMask = 2147483647;
			files = (
			);
			runOnlyForDeploymentPostprocessing = 0;
		};
/* End PBXFrameworksBuildPhase section */

/* Begin PBXGroup section */
		F86BEE73216EADCE00384F1B = {
			isa = PBXGroup;
			children = (
				F86BEE7E216EADCE00384F1B /* Astronomy-ObjC */,
				F86BEE7D216EADCE00384F1B /* Products */,
			);
			sourceTree = "<group>";
		};
		F86BEE7D216EADCE00384F1B /* Products */ = {
			isa = PBXGroup;
			children = (
				F86BEE7C216EADCE00384F1B /* Astronomy-ObjC.app */,
			);
			name = Products;
			sourceTree = "<group>";
		};
		F86BEE7E216EADCE00384F1B /* Astronomy-ObjC */ = {
			isa = PBXGroup;
			children = (
				F86BEE7F216EADCE00384F1B /* AppDelegate.h */,
				F86BEE80216EADCE00384F1B /* AppDelegate.m */,
				F86BEE95216EB10A00384F1B /* Astronomy-ObjC-Bridging-Header.h */,
				F86BEE85216EADCE00384F1B /* Main.storyboard */,
				F86BEE88216EADCF00384F1B /* Assets.xcassets */,
				F86BEE8A216EADCF00384F1B /* LaunchScreen.storyboard */,
				F86BEE8D216EADCF00384F1B /* Info.plist */,
				F86BEE8E216EADCF00384F1B /* main.m */,
				F86BEE96216EB10B00384F1B /* JTMCollectionViewController.swift */,
				F86BEEA8216EB23400384F1B /* JTMCollectionViewCell.h */,
				F86BEEA9216EB23400384F1B /* JTMCollectionViewCell.m */,
				F86BEE98216EB12400384F1B /* JTMDetailViewController.swift */,
				F86BEEC0216FFBA800384F1B /* Models */,
				F86BEE9A216EB18E00384F1B /* MarsRover.swift */,
				F86BEE9C216EB20000384F1B /* JTMCache.h */,
				F86BEE9D216EB20000384F1B /* JTMCache.m */,
				F86BEE9F216EB20B00384F1B /* JTMMarsPhoto.h */,
				F86BEEA0216EB20B00384F1B /* JTMMarsPhoto.m */,
				F86BEEA2216EB21500384F1B /* JTMSolDescription.h */,
				F86BEEA3216EB21500384F1B /* JTMSolDescription.m */,
				F86BEEA5216EB21E00384F1B /* JTMCamera.h */,
				F86BEEA6216EB21E00384F1B /* JTMCamera.m */,
				F86BEEC1216FFBB600384F1B /* Networking Controller */,
				F86BEEAB216EB25200384F1B /* JTMMarsRoverClient.h */,
				F86BEEAC216EB25200384F1B /* JTMMarsRoverClient.m */,
				F86BEEC2216FFBD600384F1B /* Operations */,
				F86BEEAE216EB28500384F1B /* JTMConcurrentOperation.h */,
				F86BEEAF216EB28500384F1B /* JTMConcurrentOperation.m */,
				F86BEEB1216EB29100384F1B /* JTMFetchPhotoOperation.h */,
				F86BEEB2216EB29100384F1B /* JTMFetchPhotoOperation.m */,
				F86BEEB4216EB2A000384F1B /* JTMFilterImageOperation.h */,
				F86BEEB5216EB2A000384F1B /* JTMFilterImageOperation.m */,
				F86BEEC3216FFBE000384F1B /* Extensions */,
				F86BEEBA216EB31B00384F1B /* NSURL+Secure.h */,
				F86BEEBB216EB31B00384F1B /* NSURL+Secure.m */,
				F86BEEBD216EB33400384F1B /* UIImage+Filtering.h */,
				F86BEEBE216EB33400384F1B /* UIImage+Filtering.m */,
			);
			path = "Astronomy-ObjC";
			sourceTree = "<group>";
		};
		F86BEEC0216FFBA800384F1B /* Models */ = {
			isa = PBXGroup;
			children = (
			);
			path = Models;
			sourceTree = "<group>";
		};
		F86BEEC1216FFBB600384F1B /* Networking Controller */ = {
			isa = PBXGroup;
			children = (
			);
			path = "Networking Controller";
			sourceTree = "<group>";
		};
		F86BEEC2216FFBD600384F1B /* Operations */ = {
			isa = PBXGroup;
			children = (
			);
			path = Operations;
			sourceTree = "<group>";
		};
		F86BEEC3216FFBE000384F1B /* Extensions */ = {
			isa = PBXGroup;
			children = (
			);
			path = Extensions;
			sourceTree = "<group>";
		};
/* End PBXGroup section */

/* Begin PBXNativeTarget section */
		F86BEE7B216EADCE00384F1B /* Astronomy-ObjC */ = {
			isa = PBXNativeTarget;
			buildConfigurationList = F86BEE92216EADCF00384F1B /* Build configuration list for PBXNativeTarget "Astronomy-ObjC" */;
			buildPhases = (
				F86BEE78216EADCE00384F1B /* Sources */,
				F86BEE79216EADCE00384F1B /* Frameworks */,
				F86BEE7A216EADCE00384F1B /* Resources */,
			);
			buildRules = (
			);
			dependencies = (
			);
			name = "Astronomy-ObjC";
			productName = "Astronomy-ObjC";
			productReference = F86BEE7C216EADCE00384F1B /* Astronomy-ObjC.app */;
			productType = "com.apple.product-type.application";
		};
/* End PBXNativeTarget section */

/* Begin PBXProject section */
		F86BEE74216EADCE00384F1B /* Project object */ = {
			isa = PBXProject;
			attributes = {
				CLASSPREFIX = JTM;
				LastUpgradeCheck = 1000;
				ORGANIZATIONNAME = "Jonathan T. Miles";
				TargetAttributes = {
					F86BEE7B216EADCE00384F1B = {
						CreatedOnToolsVersion = 10.0;
						LastSwiftMigration = 1000;
					};
				};
			};
			buildConfigurationList = F86BEE77216EADCE00384F1B /* Build configuration list for PBXProject "Astronomy-ObjC" */;
			compatibilityVersion = "Xcode 9.3";
			developmentRegion = en;
			hasScannedForEncodings = 0;
			knownRegions = (
				en,
				Base,
			);
			mainGroup = F86BEE73216EADCE00384F1B;
			productRefGroup = F86BEE7D216EADCE00384F1B /* Products */;
			projectDirPath = "";
			projectRoot = "";
			targets = (
				F86BEE7B216EADCE00384F1B /* Astronomy-ObjC */,
			);
		};
/* End PBXProject section */

/* Begin PBXResourcesBuildPhase section */
		F86BEE7A216EADCE00384F1B /* Resources */ = {
			isa = PBXResourcesBuildPhase;
			buildActionMask = 2147483647;
			files = (
				F86BEE8C216EADCF00384F1B /* LaunchScreen.storyboard in Resources */,
				F86BEE89216EADCF00384F1B /* Assets.xcassets in Resources */,
				F86BEE87216EADCE00384F1B /* Main.storyboard in Resources */,
			);
			runOnlyForDeploymentPostprocessing = 0;
		};
/* End PBXResourcesBuildPhase section */

/* Begin PBXSourcesBuildPhase section */
		F86BEE78216EADCE00384F1B /* Sources */ = {
			isa = PBXSourcesBuildPhase;
			buildActionMask = 2147483647;
			files = (
				F86BEE9E216EB20000384F1B /* JTMCache.m in Sources */,
				F86BEEBC216EB31B00384F1B /* NSURL+Secure.m in Sources */,
				F86BEE9B216EB18E00384F1B /* MarsRover.swift in Sources */,
				F86BEEB0216EB28500384F1B /* JTMConcurrentOperation.m in Sources */,
				F86BEE8F216EADCF00384F1B /* main.m in Sources */,
				F86BEEAD216EB25200384F1B /* JTMMarsRoverClient.m in Sources */,
				F86BEEB6216EB2A000384F1B /* JTMFilterImageOperation.m in Sources */,
				F86BEEA7216EB21E00384F1B /* JTMCamera.m in Sources */,
				F86BEEAA216EB23400384F1B /* JTMCollectionViewCell.m in Sources */,
				F86BEEA4216EB21500384F1B /* JTMSolDescription.m in Sources */,
				F86BEE97216EB10B00384F1B /* JTMCollectionViewController.swift in Sources */,
				F86BEEB3216EB29100384F1B /* JTMFetchPhotoOperation.m in Sources */,
				F86BEE99216EB12400384F1B /* JTMDetailViewController.swift in Sources */,
				F86BEE81216EADCE00384F1B /* AppDelegate.m in Sources */,
				F86BEEBF216EB33400384F1B /* UIImage+Filtering.m in Sources */,
				F86BEEA1216EB20B00384F1B /* JTMMarsPhoto.m in Sources */,
			);
			runOnlyForDeploymentPostprocessing = 0;
		};
/* End PBXSourcesBuildPhase section */

/* Begin PBXVariantGroup section */
		F86BEE85216EADCE00384F1B /* Main.storyboard */ = {
			isa = PBXVariantGroup;
			children = (
				F86BEE86216EADCE00384F1B /* Base */,
			);
			name = Main.storyboard;
			sourceTree = "<group>";
		};
		F86BEE8A216EADCF00384F1B /* LaunchScreen.storyboard */ = {
			isa = PBXVariantGroup;
			children = (
				F86BEE8B216EADCF00384F1B /* Base */,
			);
			name = LaunchScreen.storyboard;
			sourceTree = "<group>";
		};
/* End PBXVariantGroup section */

/* Begin XCBuildConfiguration section */
		F86BEE90216EADCF00384F1B /* Debug */ = {
			isa = XCBuildConfiguration;
			buildSettings = {
				ALWAYS_SEARCH_USER_PATHS = NO;
				CLANG_ANALYZER_NONNULL = YES;
				CLANG_ANALYZER_NUMBER_OBJECT_CONVERSION = YES_AGGRESSIVE;
				CLANG_CXX_LANGUAGE_STANDARD = "gnu++14";
				CLANG_CXX_LIBRARY = "libc++";
				CLANG_ENABLE_MODULES = YES;
				CLANG_ENABLE_OBJC_ARC = YES;
				CLANG_ENABLE_OBJC_WEAK = YES;
				CLANG_WARN_BLOCK_CAPTURE_AUTORELEASING = YES;
				CLANG_WARN_BOOL_CONVERSION = YES;
				CLANG_WARN_COMMA = YES;
				CLANG_WARN_CONSTANT_CONVERSION = YES;
				CLANG_WARN_DEPRECATED_OBJC_IMPLEMENTATIONS = YES;
				CLANG_WARN_DIRECT_OBJC_ISA_USAGE = YES_ERROR;
				CLANG_WARN_DOCUMENTATION_COMMENTS = YES;
				CLANG_WARN_EMPTY_BODY = YES;
				CLANG_WARN_ENUM_CONVERSION = YES;
				CLANG_WARN_INFINITE_RECURSION = YES;
				CLANG_WARN_INT_CONVERSION = YES;
				CLANG_WARN_NON_LITERAL_NULL_CONVERSION = YES;
				CLANG_WARN_OBJC_IMPLICIT_RETAIN_SELF = YES;
				CLANG_WARN_OBJC_LITERAL_CONVERSION = YES;
				CLANG_WARN_OBJC_ROOT_CLASS = YES_ERROR;
				CLANG_WARN_RANGE_LOOP_ANALYSIS = YES;
				CLANG_WARN_STRICT_PROTOTYPES = YES;
				CLANG_WARN_SUSPICIOUS_MOVE = YES;
				CLANG_WARN_UNGUARDED_AVAILABILITY = YES_AGGRESSIVE;
				CLANG_WARN_UNREACHABLE_CODE = YES;
				CLANG_WARN__DUPLICATE_METHOD_MATCH = YES;
				CODE_SIGN_IDENTITY = "iPhone Developer";
				COPY_PHASE_STRIP = NO;
				DEBUG_INFORMATION_FORMAT = dwarf;
				ENABLE_STRICT_OBJC_MSGSEND = YES;
				ENABLE_TESTABILITY = YES;
				GCC_C_LANGUAGE_STANDARD = gnu11;
				GCC_DYNAMIC_NO_PIC = NO;
				GCC_NO_COMMON_BLOCKS = YES;
				GCC_OPTIMIZATION_LEVEL = 0;
				GCC_PREPROCESSOR_DEFINITIONS = (
					"DEBUG=1",
					"$(inherited)",
				);
				GCC_WARN_64_TO_32_BIT_CONVERSION = YES;
				GCC_WARN_ABOUT_RETURN_TYPE = YES_ERROR;
				GCC_WARN_UNDECLARED_SELECTOR = YES;
				GCC_WARN_UNINITIALIZED_AUTOS = YES_AGGRESSIVE;
				GCC_WARN_UNUSED_FUNCTION = YES;
				GCC_WARN_UNUSED_VARIABLE = YES;
				IPHONEOS_DEPLOYMENT_TARGET = 12.0;
				MTL_ENABLE_DEBUG_INFO = INCLUDE_SOURCE;
				MTL_FAST_MATH = YES;
				ONLY_ACTIVE_ARCH = YES;
				SDKROOT = iphoneos;
			};
			name = Debug;
		};
		F86BEE91216EADCF00384F1B /* Release */ = {
			isa = XCBuildConfiguration;
			buildSettings = {
				ALWAYS_SEARCH_USER_PATHS = NO;
				CLANG_ANALYZER_NONNULL = YES;
				CLANG_ANALYZER_NUMBER_OBJECT_CONVERSION = YES_AGGRESSIVE;
				CLANG_CXX_LANGUAGE_STANDARD = "gnu++14";
				CLANG_CXX_LIBRARY = "libc++";
				CLANG_ENABLE_MODULES = YES;
				CLANG_ENABLE_OBJC_ARC = YES;
				CLANG_ENABLE_OBJC_WEAK = YES;
				CLANG_WARN_BLOCK_CAPTURE_AUTORELEASING = YES;
				CLANG_WARN_BOOL_CONVERSION = YES;
				CLANG_WARN_COMMA = YES;
				CLANG_WARN_CONSTANT_CONVERSION = YES;
				CLANG_WARN_DEPRECATED_OBJC_IMPLEMENTATIONS = YES;
				CLANG_WARN_DIRECT_OBJC_ISA_USAGE = YES_ERROR;
				CLANG_WARN_DOCUMENTATION_COMMENTS = YES;
				CLANG_WARN_EMPTY_BODY = YES;
				CLANG_WARN_ENUM_CONVERSION = YES;
				CLANG_WARN_INFINITE_RECURSION = YES;
				CLANG_WARN_INT_CONVERSION = YES;
				CLANG_WARN_NON_LITERAL_NULL_CONVERSION = YES;
				CLANG_WARN_OBJC_IMPLICIT_RETAIN_SELF = YES;
				CLANG_WARN_OBJC_LITERAL_CONVERSION = YES;
				CLANG_WARN_OBJC_ROOT_CLASS = YES_ERROR;
				CLANG_WARN_RANGE_LOOP_ANALYSIS = YES;
				CLANG_WARN_STRICT_PROTOTYPES = YES;
				CLANG_WARN_SUSPICIOUS_MOVE = YES;
				CLANG_WARN_UNGUARDED_AVAILABILITY = YES_AGGRESSIVE;
				CLANG_WARN_UNREACHABLE_CODE = YES;
				CLANG_WARN__DUPLICATE_METHOD_MATCH = YES;
				CODE_SIGN_IDENTITY = "iPhone Developer";
				COPY_PHASE_STRIP = NO;
				DEBUG_INFORMATION_FORMAT = "dwarf-with-dsym";
				ENABLE_NS_ASSERTIONS = NO;
				ENABLE_STRICT_OBJC_MSGSEND = YES;
				GCC_C_LANGUAGE_STANDARD = gnu11;
				GCC_NO_COMMON_BLOCKS = YES;
				GCC_WARN_64_TO_32_BIT_CONVERSION = YES;
				GCC_WARN_ABOUT_RETURN_TYPE = YES_ERROR;
				GCC_WARN_UNDECLARED_SELECTOR = YES;
				GCC_WARN_UNINITIALIZED_AUTOS = YES_AGGRESSIVE;
				GCC_WARN_UNUSED_FUNCTION = YES;
				GCC_WARN_UNUSED_VARIABLE = YES;
				IPHONEOS_DEPLOYMENT_TARGET = 12.0;
				MTL_ENABLE_DEBUG_INFO = NO;
				MTL_FAST_MATH = YES;
				SDKROOT = iphoneos;
				VALIDATE_PRODUCT = YES;
			};
			name = Release;
		};
		F86BEE93216EADCF00384F1B /* Debug */ = {
			isa = XCBuildConfiguration;
			buildSettings = {
				ASSETCATALOG_COMPILER_APPICON_NAME = AppIcon;
				CLANG_ENABLE_MODULES = YES;
				CODE_SIGN_STYLE = Automatic;
				DEVELOPMENT_TEAM = 8J9VUCBX92;
				INFOPLIST_FILE = "Astronomy-ObjC/Info.plist";
				LD_RUNPATH_SEARCH_PATHS = (
					"$(inherited)",
					"@executable_path/Frameworks",
				);
				PRODUCT_BUNDLE_IDENTIFIER = "com.jonathantmiles.Astronomy-ObjC";
				PRODUCT_NAME = "$(TARGET_NAME)";
				SWIFT_OBJC_BRIDGING_HEADER = "Astronomy-ObjC/Astronomy-ObjC-Bridging-Header.h";
				SWIFT_OPTIMIZATION_LEVEL = "-Onone";
				SWIFT_VERSION = 4.2;
				TARGETED_DEVICE_FAMILY = "1,2";
			};
			name = Debug;
		};
		F86BEE94216EADCF00384F1B /* Release */ = {
			isa = XCBuildConfiguration;
			buildSettings = {
				ASSETCATALOG_COMPILER_APPICON_NAME = AppIcon;
				CLANG_ENABLE_MODULES = YES;
				CODE_SIGN_STYLE = Automatic;
				DEVELOPMENT_TEAM = 8J9VUCBX92;
				INFOPLIST_FILE = "Astronomy-ObjC/Info.plist";
				LD_RUNPATH_SEARCH_PATHS = (
					"$(inherited)",
					"@executable_path/Frameworks",
				);
				PRODUCT_BUNDLE_IDENTIFIER = "com.jonathantmiles.Astronomy-ObjC";
				PRODUCT_NAME = "$(TARGET_NAME)";
				SWIFT_OBJC_BRIDGING_HEADER = "Astronomy-ObjC/Astronomy-ObjC-Bridging-Header.h";
				SWIFT_VERSION = 4.2;
				TARGETED_DEVICE_FAMILY = "1,2";
			};
			name = Release;
		};
/* End XCBuildConfiguration section */

/* Begin XCConfigurationList section */
		F86BEE77216EADCE00384F1B /* Build configuration list for PBXProject "Astronomy-ObjC" */ = {
			isa = XCConfigurationList;
			buildConfigurations = (
				F86BEE90216EADCF00384F1B /* Debug */,
				F86BEE91216EADCF00384F1B /* Release */,
			);
			defaultConfigurationIsVisible = 0;
			defaultConfigurationName = Release;
		};
		F86BEE92216EADCF00384F1B /* Build configuration list for PBXNativeTarget "Astronomy-ObjC" */ = {
			isa = XCConfigurationList;
			buildConfigurations = (
				F86BEE93216EADCF00384F1B /* Debug */,
				F86BEE94216EADCF00384F1B /* Release */,
			);
			defaultConfigurationIsVisible = 0;
			defaultConfigurationName = Release;
		};
/* End XCConfigurationList section */
	};
	rootObject = F86BEE74216EADCE00384F1B /* Project object */;
}
